// !$*UTF8*$!
{
	archiveVersion = 1;
	classes = {
	};
	objectVersion = 46;
	objects = {

/* Begin PBXBuildFile section */
		84052A5B1E95E3B000EE7AF1 /* AddItemViewController.swift in Sources */ = {isa = PBXBuildFile; fileRef = 84052A5A1E95E3B000EE7AF1 /* AddItemViewController.swift */; };
		84340F8D1F76D0B70074C4F0 /* AbilityDetailTableViewController.swift in Sources */ = {isa = PBXBuildFile; fileRef = 84340F8C1F76D0B70074C4F0 /* AbilityDetailTableViewController.swift */; };
		84340FA01F81B9020074C4F0 /* AbilityEffectViewController.swift in Sources */ = {isa = PBXBuildFile; fileRef = 84340F9F1F81B9020074C4F0 /* AbilityEffectViewController.swift */; };
		84340FA21F9BCFA70074C4F0 /* AbilityDetailTableViewCell.swift in Sources */ = {isa = PBXBuildFile; fileRef = 84340FA11F9BCFA70074C4F0 /* AbilityDetailTableViewCell.swift */; };
		843499981FA66BD900887203 /* Cleanse+CoreDataClass.swift in Sources */ = {isa = PBXBuildFile; fileRef = 843499681FA66BD900887203 /* Cleanse+CoreDataClass.swift */; };
		843499991FA66BD900887203 /* Cleanse+CoreDataProperties.swift in Sources */ = {isa = PBXBuildFile; fileRef = 843499691FA66BD900887203 /* Cleanse+CoreDataProperties.swift */; };
		8434999A1FA66BD900887203 /* ResistPiercing+CoreDataClass.swift in Sources */ = {isa = PBXBuildFile; fileRef = 8434996A1FA66BD900887203 /* ResistPiercing+CoreDataClass.swift */; };
		8434999B1FA66BD900887203 /* ResistPiercing+CoreDataProperties.swift in Sources */ = {isa = PBXBuildFile; fileRef = 8434996B1FA66BD900887203 /* ResistPiercing+CoreDataProperties.swift */; };
		8434999C1FA66BD900887203 /* Invincibility+CoreDataClass.swift in Sources */ = {isa = PBXBuildFile; fileRef = 8434996C1FA66BD900887203 /* Invincibility+CoreDataClass.swift */; };
		8434999D1FA66BD900887203 /* Invincibility+CoreDataProperties.swift in Sources */ = {isa = PBXBuildFile; fileRef = 8434996D1FA66BD900887203 /* Invincibility+CoreDataProperties.swift */; };
		8434999E1FA66BD900887203 /* APDamage+CoreDataClass.swift in Sources */ = {isa = PBXBuildFile; fileRef = 8434996E1FA66BD900887203 /* APDamage+CoreDataClass.swift */; };
		8434999F1FA66BD900887203 /* APDamage+CoreDataProperties.swift in Sources */ = {isa = PBXBuildFile; fileRef = 8434996F1FA66BD900887203 /* APDamage+CoreDataProperties.swift */; };
		843499A01FA66BD900887203 /* KillingBlow+CoreDataClass.swift in Sources */ = {isa = PBXBuildFile; fileRef = 843499701FA66BD900887203 /* KillingBlow+CoreDataClass.swift */; };
		843499A11FA66BD900887203 /* KillingBlow+CoreDataProperties.swift in Sources */ = {isa = PBXBuildFile; fileRef = 843499711FA66BD900887203 /* KillingBlow+CoreDataProperties.swift */; };
		843499A21FA66BD900887203 /* PerfectAim+CoreDataClass.swift in Sources */ = {isa = PBXBuildFile; fileRef = 843499721FA66BD900887203 /* PerfectAim+CoreDataClass.swift */; };
		843499A31FA66BD900887203 /* PerfectAim+CoreDataProperties.swift in Sources */ = {isa = PBXBuildFile; fileRef = 843499731FA66BD900887203 /* PerfectAim+CoreDataProperties.swift */; };
		843499A41FA66BD900887203 /* Purge+CoreDataClass.swift in Sources */ = {isa = PBXBuildFile; fileRef = 843499741FA66BD900887203 /* Purge+CoreDataClass.swift */; };
		843499A51FA66BD900887203 /* Purge+CoreDataProperties.swift in Sources */ = {isa = PBXBuildFile; fileRef = 843499751FA66BD900887203 /* Purge+CoreDataProperties.swift */; };
		843499A61FA66BD900887203 /* StealMoney+CoreDataClass.swift in Sources */ = {isa = PBXBuildFile; fileRef = 843499761FA66BD900887203 /* StealMoney+CoreDataClass.swift */; };
		843499A71FA66BD900887203 /* StealMoney+CoreDataProperties.swift in Sources */ = {isa = PBXBuildFile; fileRef = 843499771FA66BD900887203 /* StealMoney+CoreDataProperties.swift */; };
		843499A81FA66BD900887203 /* StealStat+CoreDataClass.swift in Sources */ = {isa = PBXBuildFile; fileRef = 843499781FA66BD900887203 /* StealStat+CoreDataClass.swift */; };
		843499A91FA66BD900887203 /* StealStat+CoreDataProperties.swift in Sources */ = {isa = PBXBuildFile; fileRef = 843499791FA66BD900887203 /* StealStat+CoreDataProperties.swift */; };
		843499AA1FA66BD900887203 /* GlancingBlow+CoreDataClass.swift in Sources */ = {isa = PBXBuildFile; fileRef = 8434997A1FA66BD900887203 /* GlancingBlow+CoreDataClass.swift */; };
		843499AB1FA66BD900887203 /* GlancingBlow+CoreDataProperties.swift in Sources */ = {isa = PBXBuildFile; fileRef = 8434997B1FA66BD900887203 /* GlancingBlow+CoreDataProperties.swift */; };
		843499AC1FA66BD900887203 /* Uncounterable+CoreDataClass.swift in Sources */ = {isa = PBXBuildFile; fileRef = 8434997C1FA66BD900887203 /* Uncounterable+CoreDataClass.swift */; };
		843499AD1FA66BD900887203 /* Uncounterable+CoreDataProperties.swift in Sources */ = {isa = PBXBuildFile; fileRef = 8434997D1FA66BD900887203 /* Uncounterable+CoreDataProperties.swift */; };
		843499AE1FA66BD900887203 /* Critical+CoreDataClass.swift in Sources */ = {isa = PBXBuildFile; fileRef = 8434997E1FA66BD900887203 /* Critical+CoreDataClass.swift */; };
		843499AF1FA66BD900887203 /* Critical+CoreDataProperties.swift in Sources */ = {isa = PBXBuildFile; fileRef = 8434997F1FA66BD900887203 /* Critical+CoreDataProperties.swift */; };
		843499B01FA66BD900887203 /* StealItem+CoreDataClass.swift in Sources */ = {isa = PBXBuildFile; fileRef = 843499801FA66BD900887203 /* StealItem+CoreDataClass.swift */; };
		843499B11FA66BD900887203 /* StealItem+CoreDataProperties.swift in Sources */ = {isa = PBXBuildFile; fileRef = 843499811FA66BD900887203 /* StealItem+CoreDataProperties.swift */; };
		843499B21FA66BD900887203 /* Protection+CoreDataClass.swift in Sources */ = {isa = PBXBuildFile; fileRef = 843499821FA66BD900887203 /* Protection+CoreDataClass.swift */; };
		843499B31FA66BD900887203 /* Protection+CoreDataProperties.swift in Sources */ = {isa = PBXBuildFile; fileRef = 843499831FA66BD900887203 /* Protection+CoreDataProperties.swift */; };
		843499B41FA66BD900887203 /* Barrier+CoreDataClass.swift in Sources */ = {isa = PBXBuildFile; fileRef = 843499841FA66BD900887203 /* Barrier+CoreDataClass.swift */; };
		843499B51FA66BD900887203 /* Barrier+CoreDataProperties.swift in Sources */ = {isa = PBXBuildFile; fileRef = 843499851FA66BD900887203 /* Barrier+CoreDataProperties.swift */; };
		843499B61FA66BD900887203 /* LifeLoss+CoreDataClass.swift in Sources */ = {isa = PBXBuildFile; fileRef = 843499861FA66BD900887203 /* LifeLoss+CoreDataClass.swift */; };
		843499B71FA66BD900887203 /* LifeLoss+CoreDataProperties.swift in Sources */ = {isa = PBXBuildFile; fileRef = 843499871FA66BD900887203 /* LifeLoss+CoreDataProperties.swift */; };
		843499B81FA66BD900887203 /* PercentDamage+CoreDataClass.swift in Sources */ = {isa = PBXBuildFile; fileRef = 843499881FA66BD900887203 /* PercentDamage+CoreDataClass.swift */; };
		843499B91FA66BD900887203 /* PercentDamage+CoreDataProperties.swift in Sources */ = {isa = PBXBuildFile; fileRef = 843499891FA66BD900887203 /* PercentDamage+CoreDataProperties.swift */; };
		843499BA1FA66BD900887203 /* Interrupt+CoreDataClass.swift in Sources */ = {isa = PBXBuildFile; fileRef = 8434998A1FA66BD900887203 /* Interrupt+CoreDataClass.swift */; };
		843499BB1FA66BD900887203 /* Interrupt+CoreDataProperties.swift in Sources */ = {isa = PBXBuildFile; fileRef = 8434998B1FA66BD900887203 /* Interrupt+CoreDataProperties.swift */; };
		843499BC1FA66BD900887203 /* Knockback+CoreDataClass.swift in Sources */ = {isa = PBXBuildFile; fileRef = 8434998C1FA66BD900887203 /* Knockback+CoreDataClass.swift */; };
		843499BD1FA66BD900887203 /* Knockback+CoreDataProperties.swift in Sources */ = {isa = PBXBuildFile; fileRef = 8434998D1FA66BD900887203 /* Knockback+CoreDataProperties.swift */; };
		843499BE1FA66BD900887203 /* ChainAbility+CoreDataClass.swift in Sources */ = {isa = PBXBuildFile; fileRef = 8434998E1FA66BD900887203 /* ChainAbility+CoreDataClass.swift */; };
		843499BF1FA66BD900887203 /* ChainAbility+CoreDataProperties.swift in Sources */ = {isa = PBXBuildFile; fileRef = 8434998F1FA66BD900887203 /* ChainAbility+CoreDataProperties.swift */; };
		843499C01FA66BD900887203 /* LifeGain+CoreDataClass.swift in Sources */ = {isa = PBXBuildFile; fileRef = 843499901FA66BD900887203 /* LifeGain+CoreDataClass.swift */; };
		843499C11FA66BD900887203 /* LifeGain+CoreDataProperties.swift in Sources */ = {isa = PBXBuildFile; fileRef = 843499911FA66BD900887203 /* LifeGain+CoreDataProperties.swift */; };
		843499C21FA66BD900887203 /* DefensePiercing+CoreDataClass.swift in Sources */ = {isa = PBXBuildFile; fileRef = 843499921FA66BD900887203 /* DefensePiercing+CoreDataClass.swift */; };
		843499C31FA66BD900887203 /* DefensePiercing+CoreDataProperties.swift in Sources */ = {isa = PBXBuildFile; fileRef = 843499931FA66BD900887203 /* DefensePiercing+CoreDataProperties.swift */; };
		843499C41FA66BD900887203 /* ActionReset+CoreDataClass.swift in Sources */ = {isa = PBXBuildFile; fileRef = 843499941FA66BD900887203 /* ActionReset+CoreDataClass.swift */; };
		843499C51FA66BD900887203 /* ActionReset+CoreDataProperties.swift in Sources */ = {isa = PBXBuildFile; fileRef = 843499951FA66BD900887203 /* ActionReset+CoreDataProperties.swift */; };
		843499C61FA66BD900887203 /* APGain+CoreDataClass.swift in Sources */ = {isa = PBXBuildFile; fileRef = 843499961FA66BD900887203 /* APGain+CoreDataClass.swift */; };
		843499C71FA66BD900887203 /* APGain+CoreDataProperties.swift in Sources */ = {isa = PBXBuildFile; fileRef = 843499971FA66BD900887203 /* APGain+CoreDataProperties.swift */; };
		843C1D091E93146F00DA8A08 /* AppDelegate.swift in Sources */ = {isa = PBXBuildFile; fileRef = 843C1D081E93146F00DA8A08 /* AppDelegate.swift */; };
		843C1D0B1E93146F00DA8A08 /* ViewController.swift in Sources */ = {isa = PBXBuildFile; fileRef = 843C1D0A1E93146F00DA8A08 /* ViewController.swift */; };
		843C1D0E1E93147000DA8A08 /* Main.storyboard in Resources */ = {isa = PBXBuildFile; fileRef = 843C1D0C1E93147000DA8A08 /* Main.storyboard */; };
		843C1D111E93147000DA8A08 /* ItemGenerator.xcdatamodeld in Sources */ = {isa = PBXBuildFile; fileRef = 843C1D0F1E93147000DA8A08 /* ItemGenerator.xcdatamodeld */; };
		843C1D131E93147000DA8A08 /* Assets.xcassets in Resources */ = {isa = PBXBuildFile; fileRef = 843C1D121E93147000DA8A08 /* Assets.xcassets */; };
		843C1D161E93147000DA8A08 /* LaunchScreen.storyboard in Resources */ = {isa = PBXBuildFile; fileRef = 843C1D141E93147000DA8A08 /* LaunchScreen.storyboard */; };
		843C1D211E93147100DA8A08 /* ItemGeneratorTests.swift in Sources */ = {isa = PBXBuildFile; fileRef = 843C1D201E93147100DA8A08 /* ItemGeneratorTests.swift */; };
		843C1D2C1E93147100DA8A08 /* ItemGeneratorUITests.swift in Sources */ = {isa = PBXBuildFile; fileRef = 843C1D2B1E93147100DA8A08 /* ItemGeneratorUITests.swift */; };
		843C1D3F1E9356F500DA8A08 /* Item+CoreDataClass.swift in Sources */ = {isa = PBXBuildFile; fileRef = 843C1D3D1E9356F500DA8A08 /* Item+CoreDataClass.swift */; };
		843C1D401E9356F500DA8A08 /* Item+CoreDataProperties.swift in Sources */ = {isa = PBXBuildFile; fileRef = 843C1D3E1E9356F500DA8A08 /* Item+CoreDataProperties.swift */; };
		843C1D421E94BE3000DA8A08 /* CoreDataManager.swift in Sources */ = {isa = PBXBuildFile; fileRef = 843C1D411E94BE3000DA8A08 /* CoreDataManager.swift */; };
		8440022F1F65F351006A0ABC /* AddAbilityViewController.swift in Sources */ = {isa = PBXBuildFile; fileRef = 8440022E1F65F351006A0ABC /* AddAbilityViewController.swift */; };
		844F7E371FA9845800432AF3 /* AbilityEffectDetailViewController.swift in Sources */ = {isa = PBXBuildFile; fileRef = 844F7E361FA9845800432AF3 /* AbilityEffectDetailViewController.swift */; };
		844F7E3A1FA9889500432AF3 /* Guard+CoreDataClass.swift in Sources */ = {isa = PBXBuildFile; fileRef = 844F7E381FA9889500432AF3 /* Guard+CoreDataClass.swift */; };
		844F7E3B1FA9889500432AF3 /* Guard+CoreDataProperties.swift in Sources */ = {isa = PBXBuildFile; fileRef = 844F7E391FA9889500432AF3 /* Guard+CoreDataProperties.swift */; };
		8457FF1B1F5B4EBD00FE04B0 /* AbilityListViewController.swift in Sources */ = {isa = PBXBuildFile; fileRef = 8457FF1A1F5B4EBD00FE04B0 /* AbilityListViewController.swift */; };
		8457FF291F5B7D1700FE04B0 /* Ability+CoreDataClass.swift in Sources */ = {isa = PBXBuildFile; fileRef = 8457FF271F5B7D1700FE04B0 /* Ability+CoreDataClass.swift */; };
		8457FF2A1F5B7D1700FE04B0 /* Ability+CoreDataProperties.swift in Sources */ = {isa = PBXBuildFile; fileRef = 8457FF281F5B7D1700FE04B0 /* Ability+CoreDataProperties.swift */; };
		8457FF2C1F5CAE1A00FE04B0 /* AbilityTableViewCell.swift in Sources */ = {isa = PBXBuildFile; fileRef = 8457FF2B1F5CAE1A00FE04B0 /* AbilityTableViewCell.swift */; };
		84F557FD1F646F94002AC96D /* AbilityDetailViewController.swift in Sources */ = {isa = PBXBuildFile; fileRef = 84F557FC1F646F94002AC96D /* AbilityDetailViewController.swift */; };
		84F7B1B11E9C784900ED4F8C /* ItemTableViewCell.swift in Sources */ = {isa = PBXBuildFile; fileRef = 84F7B1B01E9C784900ED4F8C /* ItemTableViewCell.swift */; };
		84F7B1B31E9ED2BE00ED4F8C /* ItemDetailViewController.swift in Sources */ = {isa = PBXBuildFile; fileRef = 84F7B1B21E9ED2BE00ED4F8C /* ItemDetailViewController.swift */; };
/* End PBXBuildFile section */

/* Begin PBXContainerItemProxy section */
		843C1D1D1E93147000DA8A08 /* PBXContainerItemProxy */ = {
			isa = PBXContainerItemProxy;
			containerPortal = 843C1CFD1E93146F00DA8A08 /* Project object */;
			proxyType = 1;
			remoteGlobalIDString = 843C1D041E93146F00DA8A08;
			remoteInfo = ItemGenerator;
		};
		843C1D281E93147100DA8A08 /* PBXContainerItemProxy */ = {
			isa = PBXContainerItemProxy;
			containerPortal = 843C1CFD1E93146F00DA8A08 /* Project object */;
			proxyType = 1;
			remoteGlobalIDString = 843C1D041E93146F00DA8A08;
			remoteInfo = ItemGenerator;
		};
/* End PBXContainerItemProxy section */

/* Begin PBXFileReference section */
		84052A5A1E95E3B000EE7AF1 /* AddItemViewController.swift */ = {isa = PBXFileReference; fileEncoding = 4; lastKnownFileType = sourcecode.swift; path = AddItemViewController.swift; sourceTree = "<group>"; };
		84340F8C1F76D0B70074C4F0 /* AbilityDetailTableViewController.swift */ = {isa = PBXFileReference; fileEncoding = 4; lastKnownFileType = sourcecode.swift; path = AbilityDetailTableViewController.swift; sourceTree = "<group>"; };
		84340F9F1F81B9020074C4F0 /* AbilityEffectViewController.swift */ = {isa = PBXFileReference; fileEncoding = 4; lastKnownFileType = sourcecode.swift; path = AbilityEffectViewController.swift; sourceTree = "<group>"; };
		84340FA11F9BCFA70074C4F0 /* AbilityDetailTableViewCell.swift */ = {isa = PBXFileReference; fileEncoding = 4; lastKnownFileType = sourcecode.swift; path = AbilityDetailTableViewCell.swift; sourceTree = "<group>"; };
		843499681FA66BD900887203 /* Cleanse+CoreDataClass.swift */ = {isa = PBXFileReference; fileEncoding = 4; lastKnownFileType = sourcecode.swift; name = "Cleanse+CoreDataClass.swift"; path = "AbilityEffectsCoreData/Cleanse+CoreDataClass.swift"; sourceTree = "<group>"; };
		843499691FA66BD900887203 /* Cleanse+CoreDataProperties.swift */ = {isa = PBXFileReference; fileEncoding = 4; lastKnownFileType = sourcecode.swift; name = "Cleanse+CoreDataProperties.swift"; path = "AbilityEffectsCoreData/Cleanse+CoreDataProperties.swift"; sourceTree = "<group>"; };
		8434996A1FA66BD900887203 /* ResistPiercing+CoreDataClass.swift */ = {isa = PBXFileReference; fileEncoding = 4; lastKnownFileType = sourcecode.swift; name = "ResistPiercing+CoreDataClass.swift"; path = "AbilityEffectsCoreData/ResistPiercing+CoreDataClass.swift"; sourceTree = "<group>"; };
		8434996B1FA66BD900887203 /* ResistPiercing+CoreDataProperties.swift */ = {isa = PBXFileReference; fileEncoding = 4; lastKnownFileType = sourcecode.swift; name = "ResistPiercing+CoreDataProperties.swift"; path = "AbilityEffectsCoreData/ResistPiercing+CoreDataProperties.swift"; sourceTree = "<group>"; };
		8434996C1FA66BD900887203 /* Invincibility+CoreDataClass.swift */ = {isa = PBXFileReference; fileEncoding = 4; lastKnownFileType = sourcecode.swift; name = "Invincibility+CoreDataClass.swift"; path = "AbilityEffectsCoreData/Invincibility+CoreDataClass.swift"; sourceTree = "<group>"; };
		8434996D1FA66BD900887203 /* Invincibility+CoreDataProperties.swift */ = {isa = PBXFileReference; fileEncoding = 4; lastKnownFileType = sourcecode.swift; name = "Invincibility+CoreDataProperties.swift"; path = "AbilityEffectsCoreData/Invincibility+CoreDataProperties.swift"; sourceTree = "<group>"; };
		8434996E1FA66BD900887203 /* APDamage+CoreDataClass.swift */ = {isa = PBXFileReference; fileEncoding = 4; lastKnownFileType = sourcecode.swift; name = "APDamage+CoreDataClass.swift"; path = "AbilityEffectsCoreData/APDamage+CoreDataClass.swift"; sourceTree = "<group>"; };
		8434996F1FA66BD900887203 /* APDamage+CoreDataProperties.swift */ = {isa = PBXFileReference; fileEncoding = 4; lastKnownFileType = sourcecode.swift; name = "APDamage+CoreDataProperties.swift"; path = "AbilityEffectsCoreData/APDamage+CoreDataProperties.swift"; sourceTree = "<group>"; };
		843499701FA66BD900887203 /* KillingBlow+CoreDataClass.swift */ = {isa = PBXFileReference; fileEncoding = 4; lastKnownFileType = sourcecode.swift; name = "KillingBlow+CoreDataClass.swift"; path = "AbilityEffectsCoreData/KillingBlow+CoreDataClass.swift"; sourceTree = "<group>"; };
		843499711FA66BD900887203 /* KillingBlow+CoreDataProperties.swift */ = {isa = PBXFileReference; fileEncoding = 4; lastKnownFileType = sourcecode.swift; name = "KillingBlow+CoreDataProperties.swift"; path = "AbilityEffectsCoreData/KillingBlow+CoreDataProperties.swift"; sourceTree = "<group>"; };
		843499721FA66BD900887203 /* PerfectAim+CoreDataClass.swift */ = {isa = PBXFileReference; fileEncoding = 4; lastKnownFileType = sourcecode.swift; name = "PerfectAim+CoreDataClass.swift"; path = "AbilityEffectsCoreData/PerfectAim+CoreDataClass.swift"; sourceTree = "<group>"; };
		843499731FA66BD900887203 /* PerfectAim+CoreDataProperties.swift */ = {isa = PBXFileReference; fileEncoding = 4; lastKnownFileType = sourcecode.swift; name = "PerfectAim+CoreDataProperties.swift"; path = "AbilityEffectsCoreData/PerfectAim+CoreDataProperties.swift"; sourceTree = "<group>"; };
		843499741FA66BD900887203 /* Purge+CoreDataClass.swift */ = {isa = PBXFileReference; fileEncoding = 4; lastKnownFileType = sourcecode.swift; name = "Purge+CoreDataClass.swift"; path = "AbilityEffectsCoreData/Purge+CoreDataClass.swift"; sourceTree = "<group>"; };
		843499751FA66BD900887203 /* Purge+CoreDataProperties.swift */ = {isa = PBXFileReference; fileEncoding = 4; lastKnownFileType = sourcecode.swift; name = "Purge+CoreDataProperties.swift"; path = "AbilityEffectsCoreData/Purge+CoreDataProperties.swift"; sourceTree = "<group>"; };
		843499761FA66BD900887203 /* StealMoney+CoreDataClass.swift */ = {isa = PBXFileReference; fileEncoding = 4; lastKnownFileType = sourcecode.swift; name = "StealMoney+CoreDataClass.swift"; path = "AbilityEffectsCoreData/StealMoney+CoreDataClass.swift"; sourceTree = "<group>"; };
		843499771FA66BD900887203 /* StealMoney+CoreDataProperties.swift */ = {isa = PBXFileReference; fileEncoding = 4; lastKnownFileType = sourcecode.swift; name = "StealMoney+CoreDataProperties.swift"; path = "AbilityEffectsCoreData/StealMoney+CoreDataProperties.swift"; sourceTree = "<group>"; };
		843499781FA66BD900887203 /* StealStat+CoreDataClass.swift */ = {isa = PBXFileReference; fileEncoding = 4; lastKnownFileType = sourcecode.swift; name = "StealStat+CoreDataClass.swift"; path = "AbilityEffectsCoreData/StealStat+CoreDataClass.swift"; sourceTree = "<group>"; };
		843499791FA66BD900887203 /* StealStat+CoreDataProperties.swift */ = {isa = PBXFileReference; fileEncoding = 4; lastKnownFileType = sourcecode.swift; name = "StealStat+CoreDataProperties.swift"; path = "AbilityEffectsCoreData/StealStat+CoreDataProperties.swift"; sourceTree = "<group>"; };
		8434997A1FA66BD900887203 /* GlancingBlow+CoreDataClass.swift */ = {isa = PBXFileReference; fileEncoding = 4; lastKnownFileType = sourcecode.swift; name = "GlancingBlow+CoreDataClass.swift"; path = "AbilityEffectsCoreData/GlancingBlow+CoreDataClass.swift"; sourceTree = "<group>"; };
		8434997B1FA66BD900887203 /* GlancingBlow+CoreDataProperties.swift */ = {isa = PBXFileReference; fileEncoding = 4; lastKnownFileType = sourcecode.swift; name = "GlancingBlow+CoreDataProperties.swift"; path = "AbilityEffectsCoreData/GlancingBlow+CoreDataProperties.swift"; sourceTree = "<group>"; };
		8434997C1FA66BD900887203 /* Uncounterable+CoreDataClass.swift */ = {isa = PBXFileReference; fileEncoding = 4; lastKnownFileType = sourcecode.swift; name = "Uncounterable+CoreDataClass.swift"; path = "AbilityEffectsCoreData/Uncounterable+CoreDataClass.swift"; sourceTree = "<group>"; };
		8434997D1FA66BD900887203 /* Uncounterable+CoreDataProperties.swift */ = {isa = PBXFileReference; fileEncoding = 4; lastKnownFileType = sourcecode.swift; name = "Uncounterable+CoreDataProperties.swift"; path = "AbilityEffectsCoreData/Uncounterable+CoreDataProperties.swift"; sourceTree = "<group>"; };
		8434997E1FA66BD900887203 /* Critical+CoreDataClass.swift */ = {isa = PBXFileReference; fileEncoding = 4; lastKnownFileType = sourcecode.swift; name = "Critical+CoreDataClass.swift"; path = "AbilityEffectsCoreData/Critical+CoreDataClass.swift"; sourceTree = "<group>"; };
		8434997F1FA66BD900887203 /* Critical+CoreDataProperties.swift */ = {isa = PBXFileReference; fileEncoding = 4; lastKnownFileType = sourcecode.swift; name = "Critical+CoreDataProperties.swift"; path = "AbilityEffectsCoreData/Critical+CoreDataProperties.swift"; sourceTree = "<group>"; };
		843499801FA66BD900887203 /* StealItem+CoreDataClass.swift */ = {isa = PBXFileReference; fileEncoding = 4; lastKnownFileType = sourcecode.swift; name = "StealItem+CoreDataClass.swift"; path = "AbilityEffectsCoreData/StealItem+CoreDataClass.swift"; sourceTree = "<group>"; };
		843499811FA66BD900887203 /* StealItem+CoreDataProperties.swift */ = {isa = PBXFileReference; fileEncoding = 4; lastKnownFileType = sourcecode.swift; name = "StealItem+CoreDataProperties.swift"; path = "AbilityEffectsCoreData/StealItem+CoreDataProperties.swift"; sourceTree = "<group>"; };
		843499821FA66BD900887203 /* Protection+CoreDataClass.swift */ = {isa = PBXFileReference; fileEncoding = 4; lastKnownFileType = sourcecode.swift; name = "Protection+CoreDataClass.swift"; path = "AbilityEffectsCoreData/Protection+CoreDataClass.swift"; sourceTree = "<group>"; };
		843499831FA66BD900887203 /* Protection+CoreDataProperties.swift */ = {isa = PBXFileReference; fileEncoding = 4; lastKnownFileType = sourcecode.swift; name = "Protection+CoreDataProperties.swift"; path = "AbilityEffectsCoreData/Protection+CoreDataProperties.swift"; sourceTree = "<group>"; };
		843499841FA66BD900887203 /* Barrier+CoreDataClass.swift */ = {isa = PBXFileReference; fileEncoding = 4; lastKnownFileType = sourcecode.swift; name = "Barrier+CoreDataClass.swift"; path = "AbilityEffectsCoreData/Barrier+CoreDataClass.swift"; sourceTree = "<group>"; };
		843499851FA66BD900887203 /* Barrier+CoreDataProperties.swift */ = {isa = PBXFileReference; fileEncoding = 4; lastKnownFileType = sourcecode.swift; name = "Barrier+CoreDataProperties.swift"; path = "AbilityEffectsCoreData/Barrier+CoreDataProperties.swift"; sourceTree = "<group>"; };
		843499861FA66BD900887203 /* LifeLoss+CoreDataClass.swift */ = {isa = PBXFileReference; fileEncoding = 4; lastKnownFileType = sourcecode.swift; name = "LifeLoss+CoreDataClass.swift"; path = "AbilityEffectsCoreData/LifeLoss+CoreDataClass.swift"; sourceTree = "<group>"; };
		843499871FA66BD900887203 /* LifeLoss+CoreDataProperties.swift */ = {isa = PBXFileReference; fileEncoding = 4; lastKnownFileType = sourcecode.swift; name = "LifeLoss+CoreDataProperties.swift"; path = "AbilityEffectsCoreData/LifeLoss+CoreDataProperties.swift"; sourceTree = "<group>"; };
		843499881FA66BD900887203 /* PercentDamage+CoreDataClass.swift */ = {isa = PBXFileReference; fileEncoding = 4; lastKnownFileType = sourcecode.swift; name = "PercentDamage+CoreDataClass.swift"; path = "AbilityEffectsCoreData/PercentDamage+CoreDataClass.swift"; sourceTree = "<group>"; };
		843499891FA66BD900887203 /* PercentDamage+CoreDataProperties.swift */ = {isa = PBXFileReference; fileEncoding = 4; lastKnownFileType = sourcecode.swift; name = "PercentDamage+CoreDataProperties.swift"; path = "AbilityEffectsCoreData/PercentDamage+CoreDataProperties.swift"; sourceTree = "<group>"; };
		8434998A1FA66BD900887203 /* Interrupt+CoreDataClass.swift */ = {isa = PBXFileReference; fileEncoding = 4; lastKnownFileType = sourcecode.swift; name = "Interrupt+CoreDataClass.swift"; path = "AbilityEffectsCoreData/Interrupt+CoreDataClass.swift"; sourceTree = "<group>"; };
		8434998B1FA66BD900887203 /* Interrupt+CoreDataProperties.swift */ = {isa = PBXFileReference; fileEncoding = 4; lastKnownFileType = sourcecode.swift; name = "Interrupt+CoreDataProperties.swift"; path = "AbilityEffectsCoreData/Interrupt+CoreDataProperties.swift"; sourceTree = "<group>"; };
		8434998C1FA66BD900887203 /* Knockback+CoreDataClass.swift */ = {isa = PBXFileReference; fileEncoding = 4; lastKnownFileType = sourcecode.swift; name = "Knockback+CoreDataClass.swift"; path = "AbilityEffectsCoreData/Knockback+CoreDataClass.swift"; sourceTree = "<group>"; };
		8434998D1FA66BD900887203 /* Knockback+CoreDataProperties.swift */ = {isa = PBXFileReference; fileEncoding = 4; lastKnownFileType = sourcecode.swift; name = "Knockback+CoreDataProperties.swift"; path = "AbilityEffectsCoreData/Knockback+CoreDataProperties.swift"; sourceTree = "<group>"; };
		8434998E1FA66BD900887203 /* ChainAbility+CoreDataClass.swift */ = {isa = PBXFileReference; fileEncoding = 4; lastKnownFileType = sourcecode.swift; name = "ChainAbility+CoreDataClass.swift"; path = "AbilityEffectsCoreData/ChainAbility+CoreDataClass.swift"; sourceTree = "<group>"; };
		8434998F1FA66BD900887203 /* ChainAbility+CoreDataProperties.swift */ = {isa = PBXFileReference; fileEncoding = 4; lastKnownFileType = sourcecode.swift; name = "ChainAbility+CoreDataProperties.swift"; path = "AbilityEffectsCoreData/ChainAbility+CoreDataProperties.swift"; sourceTree = "<group>"; };
		843499901FA66BD900887203 /* LifeGain+CoreDataClass.swift */ = {isa = PBXFileReference; fileEncoding = 4; lastKnownFileType = sourcecode.swift; name = "LifeGain+CoreDataClass.swift"; path = "AbilityEffectsCoreData/LifeGain+CoreDataClass.swift"; sourceTree = "<group>"; };
		843499911FA66BD900887203 /* LifeGain+CoreDataProperties.swift */ = {isa = PBXFileReference; fileEncoding = 4; lastKnownFileType = sourcecode.swift; name = "LifeGain+CoreDataProperties.swift"; path = "AbilityEffectsCoreData/LifeGain+CoreDataProperties.swift"; sourceTree = "<group>"; };
		843499921FA66BD900887203 /* DefensePiercing+CoreDataClass.swift */ = {isa = PBXFileReference; fileEncoding = 4; lastKnownFileType = sourcecode.swift; name = "DefensePiercing+CoreDataClass.swift"; path = "AbilityEffectsCoreData/DefensePiercing+CoreDataClass.swift"; sourceTree = "<group>"; };
		843499931FA66BD900887203 /* DefensePiercing+CoreDataProperties.swift */ = {isa = PBXFileReference; fileEncoding = 4; lastKnownFileType = sourcecode.swift; name = "DefensePiercing+CoreDataProperties.swift"; path = "AbilityEffectsCoreData/DefensePiercing+CoreDataProperties.swift"; sourceTree = "<group>"; };
		843499941FA66BD900887203 /* ActionReset+CoreDataClass.swift */ = {isa = PBXFileReference; fileEncoding = 4; lastKnownFileType = sourcecode.swift; name = "ActionReset+CoreDataClass.swift"; path = "AbilityEffectsCoreData/ActionReset+CoreDataClass.swift"; sourceTree = "<group>"; };
		843499951FA66BD900887203 /* ActionReset+CoreDataProperties.swift */ = {isa = PBXFileReference; fileEncoding = 4; lastKnownFileType = sourcecode.swift; name = "ActionReset+CoreDataProperties.swift"; path = "AbilityEffectsCoreData/ActionReset+CoreDataProperties.swift"; sourceTree = "<group>"; };
		843499961FA66BD900887203 /* APGain+CoreDataClass.swift */ = {isa = PBXFileReference; fileEncoding = 4; lastKnownFileType = sourcecode.swift; name = "APGain+CoreDataClass.swift"; path = "AbilityEffectsCoreData/APGain+CoreDataClass.swift"; sourceTree = "<group>"; };
		843499971FA66BD900887203 /* APGain+CoreDataProperties.swift */ = {isa = PBXFileReference; fileEncoding = 4; lastKnownFileType = sourcecode.swift; name = "APGain+CoreDataProperties.swift"; path = "AbilityEffectsCoreData/APGain+CoreDataProperties.swift"; sourceTree = "<group>"; };
		843C1D051E93146F00DA8A08 /* ItemGenerator.app */ = {isa = PBXFileReference; explicitFileType = wrapper.application; includeInIndex = 0; path = ItemGenerator.app; sourceTree = BUILT_PRODUCTS_DIR; };
		843C1D081E93146F00DA8A08 /* AppDelegate.swift */ = {isa = PBXFileReference; lastKnownFileType = sourcecode.swift; path = AppDelegate.swift; sourceTree = "<group>"; };
		843C1D0A1E93146F00DA8A08 /* ViewController.swift */ = {isa = PBXFileReference; lastKnownFileType = sourcecode.swift; path = ViewController.swift; sourceTree = "<group>"; };
		843C1D0D1E93147000DA8A08 /* Base */ = {isa = PBXFileReference; lastKnownFileType = file.storyboard; name = Base; path = Base.lproj/Main.storyboard; sourceTree = "<group>"; };
		843C1D101E93147000DA8A08 /* ItemGenerator.xcdatamodel */ = {isa = PBXFileReference; lastKnownFileType = wrapper.xcdatamodel; path = ItemGenerator.xcdatamodel; sourceTree = "<group>"; };
		843C1D121E93147000DA8A08 /* Assets.xcassets */ = {isa = PBXFileReference; lastKnownFileType = folder.assetcatalog; path = Assets.xcassets; sourceTree = "<group>"; };
		843C1D151E93147000DA8A08 /* Base */ = {isa = PBXFileReference; lastKnownFileType = file.storyboard; name = Base; path = Base.lproj/LaunchScreen.storyboard; sourceTree = "<group>"; };
		843C1D171E93147000DA8A08 /* Info.plist */ = {isa = PBXFileReference; lastKnownFileType = text.plist.xml; path = Info.plist; sourceTree = "<group>"; };
		843C1D1C1E93147000DA8A08 /* ItemGeneratorTests.xctest */ = {isa = PBXFileReference; explicitFileType = wrapper.cfbundle; includeInIndex = 0; path = ItemGeneratorTests.xctest; sourceTree = BUILT_PRODUCTS_DIR; };
		843C1D201E93147100DA8A08 /* ItemGeneratorTests.swift */ = {isa = PBXFileReference; lastKnownFileType = sourcecode.swift; path = ItemGeneratorTests.swift; sourceTree = "<group>"; };
		843C1D221E93147100DA8A08 /* Info.plist */ = {isa = PBXFileReference; lastKnownFileType = text.plist.xml; path = Info.plist; sourceTree = "<group>"; };
		843C1D271E93147100DA8A08 /* ItemGeneratorUITests.xctest */ = {isa = PBXFileReference; explicitFileType = wrapper.cfbundle; includeInIndex = 0; path = ItemGeneratorUITests.xctest; sourceTree = BUILT_PRODUCTS_DIR; };
		843C1D2B1E93147100DA8A08 /* ItemGeneratorUITests.swift */ = {isa = PBXFileReference; lastKnownFileType = sourcecode.swift; path = ItemGeneratorUITests.swift; sourceTree = "<group>"; };
		843C1D2D1E93147100DA8A08 /* Info.plist */ = {isa = PBXFileReference; lastKnownFileType = text.plist.xml; path = Info.plist; sourceTree = "<group>"; };
		843C1D3D1E9356F500DA8A08 /* Item+CoreDataClass.swift */ = {isa = PBXFileReference; fileEncoding = 4; lastKnownFileType = sourcecode.swift; name = "Item+CoreDataClass.swift"; path = "../Item+CoreDataClass.swift"; sourceTree = "<group>"; };
		843C1D3E1E9356F500DA8A08 /* Item+CoreDataProperties.swift */ = {isa = PBXFileReference; fileEncoding = 4; lastKnownFileType = sourcecode.swift; name = "Item+CoreDataProperties.swift"; path = "../Item+CoreDataProperties.swift"; sourceTree = "<group>"; };
		843C1D411E94BE3000DA8A08 /* CoreDataManager.swift */ = {isa = PBXFileReference; fileEncoding = 4; lastKnownFileType = sourcecode.swift; path = CoreDataManager.swift; sourceTree = "<group>"; };
		8440022E1F65F351006A0ABC /* AddAbilityViewController.swift */ = {isa = PBXFileReference; fileEncoding = 4; lastKnownFileType = sourcecode.swift; path = AddAbilityViewController.swift; sourceTree = "<group>"; };
		844F7E361FA9845800432AF3 /* AbilityEffectDetailViewController.swift */ = {isa = PBXFileReference; fileEncoding = 4; lastKnownFileType = sourcecode.swift; path = AbilityEffectDetailViewController.swift; sourceTree = "<group>"; };
		844F7E381FA9889500432AF3 /* Guard+CoreDataClass.swift */ = {isa = PBXFileReference; fileEncoding = 4; lastKnownFileType = sourcecode.swift; name = "Guard+CoreDataClass.swift"; path = "AbilityEffectsCoreData/Guard+CoreDataClass.swift"; sourceTree = "<group>"; };
		844F7E391FA9889500432AF3 /* Guard+CoreDataProperties.swift */ = {isa = PBXFileReference; fileEncoding = 4; lastKnownFileType = sourcecode.swift; name = "Guard+CoreDataProperties.swift"; path = "AbilityEffectsCoreData/Guard+CoreDataProperties.swift"; sourceTree = "<group>"; };
		8457FF1A1F5B4EBD00FE04B0 /* AbilityListViewController.swift */ = {isa = PBXFileReference; fileEncoding = 4; lastKnownFileType = sourcecode.swift; path = AbilityListViewController.swift; sourceTree = "<group>"; };
		8457FF271F5B7D1700FE04B0 /* Ability+CoreDataClass.swift */ = {isa = PBXFileReference; fileEncoding = 4; lastKnownFileType = sourcecode.swift; path = "Ability+CoreDataClass.swift"; sourceTree = "<group>"; };
		8457FF281F5B7D1700FE04B0 /* Ability+CoreDataProperties.swift */ = {isa = PBXFileReference; fileEncoding = 4; lastKnownFileType = sourcecode.swift; path = "Ability+CoreDataProperties.swift"; sourceTree = "<group>"; };
		8457FF2B1F5CAE1A00FE04B0 /* AbilityTableViewCell.swift */ = {isa = PBXFileReference; fileEncoding = 4; lastKnownFileType = sourcecode.swift; path = AbilityTableViewCell.swift; sourceTree = "<group>"; };
		84F557FC1F646F94002AC96D /* AbilityDetailViewController.swift */ = {isa = PBXFileReference; fileEncoding = 4; lastKnownFileType = sourcecode.swift; path = AbilityDetailViewController.swift; sourceTree = "<group>"; };
		84F7B1B01E9C784900ED4F8C /* ItemTableViewCell.swift */ = {isa = PBXFileReference; fileEncoding = 4; lastKnownFileType = sourcecode.swift; path = ItemTableViewCell.swift; sourceTree = "<group>"; };
		84F7B1B21E9ED2BE00ED4F8C /* ItemDetailViewController.swift */ = {isa = PBXFileReference; fileEncoding = 4; lastKnownFileType = sourcecode.swift; path = ItemDetailViewController.swift; sourceTree = "<group>"; };
/* End PBXFileReference section */

/* Begin PBXFrameworksBuildPhase section */
		843C1D021E93146F00DA8A08 /* Frameworks */ = {
			isa = PBXFrameworksBuildPhase;
			buildActionMask = 2147483647;
			files = (
			);
			runOnlyForDeploymentPostprocessing = 0;
		};
		843C1D191E93147000DA8A08 /* Frameworks */ = {
			isa = PBXFrameworksBuildPhase;
			buildActionMask = 2147483647;
			files = (
			);
			runOnlyForDeploymentPostprocessing = 0;
		};
		843C1D241E93147100DA8A08 /* Frameworks */ = {
			isa = PBXFrameworksBuildPhase;
			buildActionMask = 2147483647;
			files = (
			);
			runOnlyForDeploymentPostprocessing = 0;
		};
/* End PBXFrameworksBuildPhase section */

/* Begin PBXGroup section */
		84340F9E1F81B8C10074C4F0 /* Ability Effect ViewControllers */ = {
			isa = PBXGroup;
			children = (
				84340F9F1F81B9020074C4F0 /* AbilityEffectViewController.swift */,
				844F7E361FA9845800432AF3 /* AbilityEffectDetailViewController.swift */,
			);
			name = "Ability Effect ViewControllers";
			sourceTree = "<group>";
		};
		843499671FA66AA200887203 /* AbilityEffectCoreData */ = {
			isa = PBXGroup;
			children = (
				844F7E381FA9889500432AF3 /* Guard+CoreDataClass.swift */,
				844F7E391FA9889500432AF3 /* Guard+CoreDataProperties.swift */,
				843499681FA66BD900887203 /* Cleanse+CoreDataClass.swift */,
				843499691FA66BD900887203 /* Cleanse+CoreDataProperties.swift */,
				8434996A1FA66BD900887203 /* ResistPiercing+CoreDataClass.swift */,
				8434996B1FA66BD900887203 /* ResistPiercing+CoreDataProperties.swift */,
				8434996C1FA66BD900887203 /* Invincibility+CoreDataClass.swift */,
				8434996D1FA66BD900887203 /* Invincibility+CoreDataProperties.swift */,
				8434996E1FA66BD900887203 /* APDamage+CoreDataClass.swift */,
				8434996F1FA66BD900887203 /* APDamage+CoreDataProperties.swift */,
				843499701FA66BD900887203 /* KillingBlow+CoreDataClass.swift */,
				843499711FA66BD900887203 /* KillingBlow+CoreDataProperties.swift */,
				843499721FA66BD900887203 /* PerfectAim+CoreDataClass.swift */,
				843499731FA66BD900887203 /* PerfectAim+CoreDataProperties.swift */,
				843499741FA66BD900887203 /* Purge+CoreDataClass.swift */,
				843499751FA66BD900887203 /* Purge+CoreDataProperties.swift */,
				843499761FA66BD900887203 /* StealMoney+CoreDataClass.swift */,
				843499771FA66BD900887203 /* StealMoney+CoreDataProperties.swift */,
				843499781FA66BD900887203 /* StealStat+CoreDataClass.swift */,
				843499791FA66BD900887203 /* StealStat+CoreDataProperties.swift */,
				8434997A1FA66BD900887203 /* GlancingBlow+CoreDataClass.swift */,
				8434997B1FA66BD900887203 /* GlancingBlow+CoreDataProperties.swift */,
				8434997C1FA66BD900887203 /* Uncounterable+CoreDataClass.swift */,
				8434997D1FA66BD900887203 /* Uncounterable+CoreDataProperties.swift */,
				8434997E1FA66BD900887203 /* Critical+CoreDataClass.swift */,
				8434997F1FA66BD900887203 /* Critical+CoreDataProperties.swift */,
				843499801FA66BD900887203 /* StealItem+CoreDataClass.swift */,
				843499811FA66BD900887203 /* StealItem+CoreDataProperties.swift */,
				843499821FA66BD900887203 /* Protection+CoreDataClass.swift */,
				843499831FA66BD900887203 /* Protection+CoreDataProperties.swift */,
				843499841FA66BD900887203 /* Barrier+CoreDataClass.swift */,
				843499851FA66BD900887203 /* Barrier+CoreDataProperties.swift */,
				843499861FA66BD900887203 /* LifeLoss+CoreDataClass.swift */,
				843499871FA66BD900887203 /* LifeLoss+CoreDataProperties.swift */,
				843499881FA66BD900887203 /* PercentDamage+CoreDataClass.swift */,
				843499891FA66BD900887203 /* PercentDamage+CoreDataProperties.swift */,
				8434998A1FA66BD900887203 /* Interrupt+CoreDataClass.swift */,
				8434998B1FA66BD900887203 /* Interrupt+CoreDataProperties.swift */,
				8434998C1FA66BD900887203 /* Knockback+CoreDataClass.swift */,
				8434998D1FA66BD900887203 /* Knockback+CoreDataProperties.swift */,
				8434998E1FA66BD900887203 /* ChainAbility+CoreDataClass.swift */,
				8434998F1FA66BD900887203 /* ChainAbility+CoreDataProperties.swift */,
				843499901FA66BD900887203 /* LifeGain+CoreDataClass.swift */,
				843499911FA66BD900887203 /* LifeGain+CoreDataProperties.swift */,
				843499921FA66BD900887203 /* DefensePiercing+CoreDataClass.swift */,
				843499931FA66BD900887203 /* DefensePiercing+CoreDataProperties.swift */,
				843499941FA66BD900887203 /* ActionReset+CoreDataClass.swift */,
				843499951FA66BD900887203 /* ActionReset+CoreDataProperties.swift */,
				843499961FA66BD900887203 /* APGain+CoreDataClass.swift */,
				843499971FA66BD900887203 /* APGain+CoreDataProperties.swift */,
			);
			name = AbilityEffectCoreData;
			sourceTree = "<group>";
		};
		843C1CFC1E93146F00DA8A08 = {
			isa = PBXGroup;
			children = (
				843C1D071E93146F00DA8A08 /* ItemGenerator */,
				843C1D1F1E93147000DA8A08 /* ItemGeneratorTests */,
				843C1D2A1E93147100DA8A08 /* ItemGeneratorUITests */,
				843C1D061E93146F00DA8A08 /* Products */,
			);
			sourceTree = "<group>";
		};
		843C1D061E93146F00DA8A08 /* Products */ = {
			isa = PBXGroup;
			children = (
				843C1D051E93146F00DA8A08 /* ItemGenerator.app */,
				843C1D1C1E93147000DA8A08 /* ItemGeneratorTests.xctest */,
				843C1D271E93147100DA8A08 /* ItemGeneratorUITests.xctest */,
			);
			name = Products;
			sourceTree = "<group>";
		};
		843C1D071E93146F00DA8A08 /* ItemGenerator */ = {
			isa = PBXGroup;
			children = (
				843C1D081E93146F00DA8A08 /* AppDelegate.swift */,
				8457FF1C1F5B4EC700FE04B0 /* Item ViewControllers */,
				8457FF1E1F5B4EFC00FE04B0 /* Ability ViewControllers */,
				84340F9E1F81B8C10074C4F0 /* Ability Effect ViewControllers */,
				8457FF1D1F5B4EE100FE04B0 /* CoreData */,
				843C1D0C1E93147000DA8A08 /* Main.storyboard */,
				843C1D121E93147000DA8A08 /* Assets.xcassets */,
				843C1D141E93147000DA8A08 /* LaunchScreen.storyboard */,
				843C1D171E93147000DA8A08 /* Info.plist */,
			);
			path = ItemGenerator;
			sourceTree = "<group>";
		};
		843C1D1F1E93147000DA8A08 /* ItemGeneratorTests */ = {
			isa = PBXGroup;
			children = (
				843C1D201E93147100DA8A08 /* ItemGeneratorTests.swift */,
				843C1D221E93147100DA8A08 /* Info.plist */,
			);
			path = ItemGeneratorTests;
			sourceTree = "<group>";
		};
		843C1D2A1E93147100DA8A08 /* ItemGeneratorUITests */ = {
			isa = PBXGroup;
			children = (
				843C1D2B1E93147100DA8A08 /* ItemGeneratorUITests.swift */,
				843C1D2D1E93147100DA8A08 /* Info.plist */,
			);
			path = ItemGeneratorUITests;
			sourceTree = "<group>";
		};
		8457FF1C1F5B4EC700FE04B0 /* Item ViewControllers */ = {
			isa = PBXGroup;
			children = (
				843C1D0A1E93146F00DA8A08 /* ViewController.swift */,
				84F7B1B21E9ED2BE00ED4F8C /* ItemDetailViewController.swift */,
				84052A5A1E95E3B000EE7AF1 /* AddItemViewController.swift */,
				84F7B1B01E9C784900ED4F8C /* ItemTableViewCell.swift */,
			);
			name = "Item ViewControllers";
			sourceTree = "<group>";
		};
		8457FF1D1F5B4EE100FE04B0 /* CoreData */ = {
			isa = PBXGroup;
			children = (
				843499671FA66AA200887203 /* AbilityEffectCoreData */,
				843C1D0F1E93147000DA8A08 /* ItemGenerator.xcdatamodeld */,
				843C1D411E94BE3000DA8A08 /* CoreDataManager.swift */,
				8457FF271F5B7D1700FE04B0 /* Ability+CoreDataClass.swift */,
				8457FF281F5B7D1700FE04B0 /* Ability+CoreDataProperties.swift */,
				843C1D3D1E9356F500DA8A08 /* Item+CoreDataClass.swift */,
				843C1D3E1E9356F500DA8A08 /* Item+CoreDataProperties.swift */,
			);
			name = CoreData;
			sourceTree = "<group>";
		};
		8457FF1E1F5B4EFC00FE04B0 /* Ability ViewControllers */ = {
			isa = PBXGroup;
			children = (
				8457FF1A1F5B4EBD00FE04B0 /* AbilityListViewController.swift */,
				8457FF2B1F5CAE1A00FE04B0 /* AbilityTableViewCell.swift */,
				84F557FC1F646F94002AC96D /* AbilityDetailViewController.swift */,
				8440022E1F65F351006A0ABC /* AddAbilityViewController.swift */,
				84340F8C1F76D0B70074C4F0 /* AbilityDetailTableViewController.swift */,
				84340FA11F9BCFA70074C4F0 /* AbilityDetailTableViewCell.swift */,
			);
			name = "Ability ViewControllers";
			sourceTree = "<group>";
		};
/* End PBXGroup section */

/* Begin PBXNativeTarget section */
		843C1D041E93146F00DA8A08 /* ItemGenerator */ = {
			isa = PBXNativeTarget;
			buildConfigurationList = 843C1D301E93147100DA8A08 /* Build configuration list for PBXNativeTarget "ItemGenerator" */;
			buildPhases = (
				843C1D011E93146F00DA8A08 /* Sources */,
				843C1D021E93146F00DA8A08 /* Frameworks */,
				843C1D031E93146F00DA8A08 /* Resources */,
			);
			buildRules = (
			);
			dependencies = (
			);
			name = ItemGenerator;
			productName = ItemGenerator;
			productReference = 843C1D051E93146F00DA8A08 /* ItemGenerator.app */;
			productType = "com.apple.product-type.application";
		};
		843C1D1B1E93147000DA8A08 /* ItemGeneratorTests */ = {
			isa = PBXNativeTarget;
			buildConfigurationList = 843C1D331E93147100DA8A08 /* Build configuration list for PBXNativeTarget "ItemGeneratorTests" */;
			buildPhases = (
				843C1D181E93147000DA8A08 /* Sources */,
				843C1D191E93147000DA8A08 /* Frameworks */,
				843C1D1A1E93147000DA8A08 /* Resources */,
			);
			buildRules = (
			);
			dependencies = (
				843C1D1E1E93147000DA8A08 /* PBXTargetDependency */,
			);
			name = ItemGeneratorTests;
			productName = ItemGeneratorTests;
			productReference = 843C1D1C1E93147000DA8A08 /* ItemGeneratorTests.xctest */;
			productType = "com.apple.product-type.bundle.unit-test";
		};
		843C1D261E93147100DA8A08 /* ItemGeneratorUITests */ = {
			isa = PBXNativeTarget;
			buildConfigurationList = 843C1D361E93147100DA8A08 /* Build configuration list for PBXNativeTarget "ItemGeneratorUITests" */;
			buildPhases = (
				843C1D231E93147100DA8A08 /* Sources */,
				843C1D241E93147100DA8A08 /* Frameworks */,
				843C1D251E93147100DA8A08 /* Resources */,
			);
			buildRules = (
			);
			dependencies = (
				843C1D291E93147100DA8A08 /* PBXTargetDependency */,
			);
			name = ItemGeneratorUITests;
			productName = ItemGeneratorUITests;
			productReference = 843C1D271E93147100DA8A08 /* ItemGeneratorUITests.xctest */;
			productType = "com.apple.product-type.bundle.ui-testing";
		};
/* End PBXNativeTarget section */

/* Begin PBXProject section */
		843C1CFD1E93146F00DA8A08 /* Project object */ = {
			isa = PBXProject;
			attributes = {
				LastSwiftUpdateCheck = 0820;
				LastUpgradeCheck = 0820;
				ORGANIZATIONNAME = Ahmed;
				TargetAttributes = {
					843C1D041E93146F00DA8A08 = {
						CreatedOnToolsVersion = 8.2;
						DevelopmentTeam = 253Q6WGJC2;
						ProvisioningStyle = Manual;
					};
					843C1D1B1E93147000DA8A08 = {
						CreatedOnToolsVersion = 8.2;
						ProvisioningStyle = Automatic;
						TestTargetID = 843C1D041E93146F00DA8A08;
					};
					843C1D261E93147100DA8A08 = {
						CreatedOnToolsVersion = 8.2;
						ProvisioningStyle = Automatic;
						TestTargetID = 843C1D041E93146F00DA8A08;
					};
				};
			};
			buildConfigurationList = 843C1D001E93146F00DA8A08 /* Build configuration list for PBXProject "ItemGenerator" */;
			compatibilityVersion = "Xcode 3.2";
			developmentRegion = English;
			hasScannedForEncodings = 0;
			knownRegions = (
				en,
				Base,
			);
			mainGroup = 843C1CFC1E93146F00DA8A08;
			productRefGroup = 843C1D061E93146F00DA8A08 /* Products */;
			projectDirPath = "";
			projectRoot = "";
			targets = (
				843C1D041E93146F00DA8A08 /* ItemGenerator */,
				843C1D1B1E93147000DA8A08 /* ItemGeneratorTests */,
				843C1D261E93147100DA8A08 /* ItemGeneratorUITests */,
			);
		};
/* End PBXProject section */

/* Begin PBXResourcesBuildPhase section */
		843C1D031E93146F00DA8A08 /* Resources */ = {
			isa = PBXResourcesBuildPhase;
			buildActionMask = 2147483647;
			files = (
				843C1D161E93147000DA8A08 /* LaunchScreen.storyboard in Resources */,
				843C1D131E93147000DA8A08 /* Assets.xcassets in Resources */,
				843C1D0E1E93147000DA8A08 /* Main.storyboard in Resources */,
			);
			runOnlyForDeploymentPostprocessing = 0;
		};
		843C1D1A1E93147000DA8A08 /* Resources */ = {
			isa = PBXResourcesBuildPhase;
			buildActionMask = 2147483647;
			files = (
			);
			runOnlyForDeploymentPostprocessing = 0;
		};
		843C1D251E93147100DA8A08 /* Resources */ = {
			isa = PBXResourcesBuildPhase;
			buildActionMask = 2147483647;
			files = (
			);
			runOnlyForDeploymentPostprocessing = 0;
		};
/* End PBXResourcesBuildPhase section */

/* Begin PBXSourcesBuildPhase section */
		843C1D011E93146F00DA8A08 /* Sources */ = {
			isa = PBXSourcesBuildPhase;
			buildActionMask = 2147483647;
			files = (
				8457FF2A1F5B7D1700FE04B0 /* Ability+CoreDataProperties.swift in Sources */,
				843499B01FA66BD900887203 /* StealItem+CoreDataClass.swift in Sources */,
				843C1D421E94BE3000DA8A08 /* CoreDataManager.swift in Sources */,
				843499C71FA66BD900887203 /* APGain+CoreDataProperties.swift in Sources */,
				843C1D111E93147000DA8A08 /* ItemGenerator.xcdatamodeld in Sources */,
				843499A01FA66BD900887203 /* KillingBlow+CoreDataClass.swift in Sources */,
				8457FF2C1F5CAE1A00FE04B0 /* AbilityTableViewCell.swift in Sources */,
				844F7E371FA9845800432AF3 /* AbilityEffectDetailViewController.swift in Sources */,
				843499C11FA66BD900887203 /* LifeGain+CoreDataProperties.swift in Sources */,
				843499B21FA66BD900887203 /* Protection+CoreDataClass.swift in Sources */,
				84340FA01F81B9020074C4F0 /* AbilityEffectViewController.swift in Sources */,
				84F557FD1F646F94002AC96D /* AbilityDetailViewController.swift in Sources */,
				843499B11FA66BD900887203 /* StealItem+CoreDataProperties.swift in Sources */,
				843499B61FA66BD900887203 /* LifeLoss+CoreDataClass.swift in Sources */,
				843499AA1FA66BD900887203 /* GlancingBlow+CoreDataClass.swift in Sources */,
				844F7E3A1FA9889500432AF3 /* Guard+CoreDataClass.swift in Sources */,
				843499C01FA66BD900887203 /* LifeGain+CoreDataClass.swift in Sources */,
				843499991FA66BD900887203 /* Cleanse+CoreDataProperties.swift in Sources */,
				843499BB1FA66BD900887203 /* Interrupt+CoreDataProperties.swift in Sources */,
				843499A71FA66BD900887203 /* StealMoney+CoreDataProperties.swift in Sources */,
				84340FA21F9BCFA70074C4F0 /* AbilityDetailTableViewCell.swift in Sources */,
				843499A41FA66BD900887203 /* Purge+CoreDataClass.swift in Sources */,
				843499B91FA66BD900887203 /* PercentDamage+CoreDataProperties.swift in Sources */,
				843499B71FA66BD900887203 /* LifeLoss+CoreDataProperties.swift in Sources */,
				843499BD1FA66BD900887203 /* Knockback+CoreDataProperties.swift in Sources */,
				8457FF291F5B7D1700FE04B0 /* Ability+CoreDataClass.swift in Sources */,
				843499C61FA66BD900887203 /* APGain+CoreDataClass.swift in Sources */,
				843499AC1FA66BD900887203 /* Uncounterable+CoreDataClass.swift in Sources */,
				843499B81FA66BD900887203 /* PercentDamage+CoreDataClass.swift in Sources */,
				843499A81FA66BD900887203 /* StealStat+CoreDataClass.swift in Sources */,
				843499B41FA66BD900887203 /* Barrier+CoreDataClass.swift in Sources */,
				843499C41FA66BD900887203 /* ActionReset+CoreDataClass.swift in Sources */,
				8434999F1FA66BD900887203 /* APDamage+CoreDataProperties.swift in Sources */,
				843499BC1FA66BD900887203 /* Knockback+CoreDataClass.swift in Sources */,
				843C1D0B1E93146F00DA8A08 /* ViewController.swift in Sources */,
				8440022F1F65F351006A0ABC /* AddAbilityViewController.swift in Sources */,
				844F7E3B1FA9889500432AF3 /* Guard+CoreDataProperties.swift in Sources */,
				843499A61FA66BD900887203 /* StealMoney+CoreDataClass.swift in Sources */,
				843C1D3F1E9356F500DA8A08 /* Item+CoreDataClass.swift in Sources */,
				84340F8D1F76D0B70074C4F0 /* AbilityDetailTableViewController.swift in Sources */,
				843499B31FA66BD900887203 /* Protection+CoreDataProperties.swift in Sources */,
				843499B51FA66BD900887203 /* Barrier+CoreDataProperties.swift in Sources */,
				84F7B1B11E9C784900ED4F8C /* ItemTableViewCell.swift in Sources */,
				843499A11FA66BD900887203 /* KillingBlow+CoreDataProperties.swift in Sources */,
				843499AB1FA66BD900887203 /* GlancingBlow+CoreDataProperties.swift in Sources */,
				8457FF1B1F5B4EBD00FE04B0 /* AbilityListViewController.swift in Sources */,
				8434999A1FA66BD900887203 /* ResistPiercing+CoreDataClass.swift in Sources */,
				843499A31FA66BD900887203 /* PerfectAim+CoreDataProperties.swift in Sources */,
				843499C51FA66BD900887203 /* ActionReset+CoreDataProperties.swift in Sources */,
				8434999B1FA66BD900887203 /* ResistPiercing+CoreDataProperties.swift in Sources */,
				843499C31FA66BD900887203 /* DefensePiercing+CoreDataProperties.swift in Sources */,
				8434999C1FA66BD900887203 /* Invincibility+CoreDataClass.swift in Sources */,
				843499A51FA66BD900887203 /* Purge+CoreDataProperties.swift in Sources */,
				843499AF1FA66BD900887203 /* Critical+CoreDataProperties.swift in Sources */,
				84F7B1B31E9ED2BE00ED4F8C /* ItemDetailViewController.swift in Sources */,
				84052A5B1E95E3B000EE7AF1 /* AddItemViewController.swift in Sources */,
				843499A91FA66BD900887203 /* StealStat+CoreDataProperties.swift in Sources */,
				843499BE1FA66BD900887203 /* ChainAbility+CoreDataClass.swift in Sources */,
				843C1D091E93146F00DA8A08 /* AppDelegate.swift in Sources */,
				843499BA1FA66BD900887203 /* Interrupt+CoreDataClass.swift in Sources */,
				843499AE1FA66BD900887203 /* Critical+CoreDataClass.swift in Sources */,
				8434999E1FA66BD900887203 /* APDamage+CoreDataClass.swift in Sources */,
				843499AD1FA66BD900887203 /* Uncounterable+CoreDataProperties.swift in Sources */,
				843C1D401E9356F500DA8A08 /* Item+CoreDataProperties.swift in Sources */,
				843499C21FA66BD900887203 /* DefensePiercing+CoreDataClass.swift in Sources */,
				843499981FA66BD900887203 /* Cleanse+CoreDataClass.swift in Sources */,
				8434999D1FA66BD900887203 /* Invincibility+CoreDataProperties.swift in Sources */,
				843499BF1FA66BD900887203 /* ChainAbility+CoreDataProperties.swift in Sources */,
				843499A21FA66BD900887203 /* PerfectAim+CoreDataClass.swift in Sources */,
			);
			runOnlyForDeploymentPostprocessing = 0;
		};
		843C1D181E93147000DA8A08 /* Sources */ = {
			isa = PBXSourcesBuildPhase;
			buildActionMask = 2147483647;
			files = (
				843C1D211E93147100DA8A08 /* ItemGeneratorTests.swift in Sources */,
			);
			runOnlyForDeploymentPostprocessing = 0;
		};
		843C1D231E93147100DA8A08 /* Sources */ = {
			isa = PBXSourcesBuildPhase;
			buildActionMask = 2147483647;
			files = (
				843C1D2C1E93147100DA8A08 /* ItemGeneratorUITests.swift in Sources */,
			);
			runOnlyForDeploymentPostprocessing = 0;
		};
/* End PBXSourcesBuildPhase section */

/* Begin PBXTargetDependency section */
		843C1D1E1E93147000DA8A08 /* PBXTargetDependency */ = {
			isa = PBXTargetDependency;
			target = 843C1D041E93146F00DA8A08 /* ItemGenerator */;
			targetProxy = 843C1D1D1E93147000DA8A08 /* PBXContainerItemProxy */;
		};
		843C1D291E93147100DA8A08 /* PBXTargetDependency */ = {
			isa = PBXTargetDependency;
			target = 843C1D041E93146F00DA8A08 /* ItemGenerator */;
			targetProxy = 843C1D281E93147100DA8A08 /* PBXContainerItemProxy */;
		};
/* End PBXTargetDependency section */

/* Begin PBXVariantGroup section */
		843C1D0C1E93147000DA8A08 /* Main.storyboard */ = {
			isa = PBXVariantGroup;
			children = (
				843C1D0D1E93147000DA8A08 /* Base */,
			);
			name = Main.storyboard;
			sourceTree = "<group>";
		};
		843C1D141E93147000DA8A08 /* LaunchScreen.storyboard */ = {
			isa = PBXVariantGroup;
			children = (
				843C1D151E93147000DA8A08 /* Base */,
			);
			name = LaunchScreen.storyboard;
			sourceTree = "<group>";
		};
/* End PBXVariantGroup section */

/* Begin XCBuildConfiguration section */
		843C1D2E1E93147100DA8A08 /* Debug */ = {
			isa = XCBuildConfiguration;
			buildSettings = {
				ALWAYS_SEARCH_USER_PATHS = NO;
				CLANG_ANALYZER_NONNULL = YES;
				CLANG_CXX_LANGUAGE_STANDARD = "gnu++0x";
				CLANG_CXX_LIBRARY = "libc++";
				CLANG_ENABLE_MODULES = YES;
				CLANG_ENABLE_OBJC_ARC = YES;
				CLANG_WARN_BOOL_CONVERSION = YES;
				CLANG_WARN_CONSTANT_CONVERSION = YES;
				CLANG_WARN_DIRECT_OBJC_ISA_USAGE = YES_ERROR;
				CLANG_WARN_DOCUMENTATION_COMMENTS = YES;
				CLANG_WARN_EMPTY_BODY = YES;
				CLANG_WARN_ENUM_CONVERSION = YES;
				CLANG_WARN_INFINITE_RECURSION = YES;
				CLANG_WARN_INT_CONVERSION = YES;
				CLANG_WARN_OBJC_ROOT_CLASS = YES_ERROR;
				CLANG_WARN_SUSPICIOUS_MOVE = YES;
				CLANG_WARN_UNREACHABLE_CODE = YES;
				CLANG_WARN__DUPLICATE_METHOD_MATCH = YES;
				"CODE_SIGN_IDENTITY[sdk=iphoneos*]" = "iPhone Developer";
				COPY_PHASE_STRIP = NO;
				DEBUG_INFORMATION_FORMAT = dwarf;
				ENABLE_STRICT_OBJC_MSGSEND = YES;
				ENABLE_TESTABILITY = YES;
				GCC_C_LANGUAGE_STANDARD = gnu99;
				GCC_DYNAMIC_NO_PIC = NO;
				GCC_NO_COMMON_BLOCKS = YES;
				GCC_OPTIMIZATION_LEVEL = 0;
				GCC_PREPROCESSOR_DEFINITIONS = (
					"DEBUG=1",
					"$(inherited)",
				);
				GCC_WARN_64_TO_32_BIT_CONVERSION = YES;
				GCC_WARN_ABOUT_RETURN_TYPE = YES_ERROR;
				GCC_WARN_UNDECLARED_SELECTOR = YES;
				GCC_WARN_UNINITIALIZED_AUTOS = YES_AGGRESSIVE;
				GCC_WARN_UNUSED_FUNCTION = YES;
				GCC_WARN_UNUSED_VARIABLE = YES;
				IPHONEOS_DEPLOYMENT_TARGET = 10.2;
				MTL_ENABLE_DEBUG_INFO = YES;
				ONLY_ACTIVE_ARCH = YES;
				SDKROOT = iphoneos;
				SWIFT_ACTIVE_COMPILATION_CONDITIONS = DEBUG;
				SWIFT_OPTIMIZATION_LEVEL = "-Onone";
				TARGETED_DEVICE_FAMILY = "1,2";
			};
			name = Debug;
		};
		843C1D2F1E93147100DA8A08 /* Release */ = {
			isa = XCBuildConfiguration;
			buildSettings = {
				ALWAYS_SEARCH_USER_PATHS = NO;
				CLANG_ANALYZER_NONNULL = YES;
				CLANG_CXX_LANGUAGE_STANDARD = "gnu++0x";
				CLANG_CXX_LIBRARY = "libc++";
				CLANG_ENABLE_MODULES = YES;
				CLANG_ENABLE_OBJC_ARC = YES;
				CLANG_WARN_BOOL_CONVERSION = YES;
				CLANG_WARN_CONSTANT_CONVERSION = YES;
				CLANG_WARN_DIRECT_OBJC_ISA_USAGE = YES_ERROR;
				CLANG_WARN_DOCUMENTATION_COMMENTS = YES;
				CLANG_WARN_EMPTY_BODY = YES;
				CLANG_WARN_ENUM_CONVERSION = YES;
				CLANG_WARN_INFINITE_RECURSION = YES;
				CLANG_WARN_INT_CONVERSION = YES;
				CLANG_WARN_OBJC_ROOT_CLASS = YES_ERROR;
				CLANG_WARN_SUSPICIOUS_MOVE = YES;
				CLANG_WARN_UNREACHABLE_CODE = YES;
				CLANG_WARN__DUPLICATE_METHOD_MATCH = YES;
				"CODE_SIGN_IDENTITY[sdk=iphoneos*]" = "iPhone Developer";
				COPY_PHASE_STRIP = NO;
				DEBUG_INFORMATION_FORMAT = "dwarf-with-dsym";
				ENABLE_NS_ASSERTIONS = NO;
				ENABLE_STRICT_OBJC_MSGSEND = YES;
				GCC_C_LANGUAGE_STANDARD = gnu99;
				GCC_NO_COMMON_BLOCKS = YES;
				GCC_WARN_64_TO_32_BIT_CONVERSION = YES;
				GCC_WARN_ABOUT_RETURN_TYPE = YES_ERROR;
				GCC_WARN_UNDECLARED_SELECTOR = YES;
				GCC_WARN_UNINITIALIZED_AUTOS = YES_AGGRESSIVE;
				GCC_WARN_UNUSED_FUNCTION = YES;
				GCC_WARN_UNUSED_VARIABLE = YES;
				IPHONEOS_DEPLOYMENT_TARGET = 10.2;
				MTL_ENABLE_DEBUG_INFO = NO;
				SDKROOT = iphoneos;
				SWIFT_OPTIMIZATION_LEVEL = "-Owholemodule";
				TARGETED_DEVICE_FAMILY = "1,2";
				VALIDATE_PRODUCT = YES;
			};
			name = Release;
		};
		843C1D311E93147100DA8A08 /* Debug */ = {
			isa = XCBuildConfiguration;
			buildSettings = {
				ASSETCATALOG_COMPILER_APPICON_NAME = AppIcon;
				DEVELOPMENT_TEAM = 253Q6WGJC2;
				INFOPLIST_FILE = ItemGenerator/Info.plist;
				LD_RUNPATH_SEARCH_PATHS = "$(inherited) @executable_path/Frameworks";
				PRODUCT_BUNDLE_IDENTIFIER = Reverse.ItemGenerator;
				PRODUCT_NAME = "$(TARGET_NAME)";
				PROVISIONING_PROFILE = "83b39be9-2ae9-4cd3-ae81-974c6e11d2c5";
				PROVISIONING_PROFILE_SPECIFIER = ItemGenerator;
				SWIFT_VERSION = 3.0;
			};
			name = Debug;
		};
		843C1D321E93147100DA8A08 /* Release */ = {
			isa = XCBuildConfiguration;
			buildSettings = {
				ASSETCATALOG_COMPILER_APPICON_NAME = AppIcon;
				DEVELOPMENT_TEAM = "";
				INFOPLIST_FILE = ItemGenerator/Info.plist;
				LD_RUNPATH_SEARCH_PATHS = "$(inherited) @executable_path/Frameworks";
				PRODUCT_BUNDLE_IDENTIFIER = Reverse.ItemGenerator;
				PRODUCT_NAME = "$(TARGET_NAME)";
				SWIFT_VERSION = 3.0;
			};
			name = Release;
		};
		843C1D341E93147100DA8A08 /* Debug */ = {
			isa = XCBuildConfiguration;
			buildSettings = {
				ALWAYS_EMBED_SWIFT_STANDARD_LIBRARIES = YES;
				BUNDLE_LOADER = "$(TEST_HOST)";
				INFOPLIST_FILE = ItemGeneratorTests/Info.plist;
				LD_RUNPATH_SEARCH_PATHS = "$(inherited) @executable_path/Frameworks @loader_path/Frameworks";
				PRODUCT_BUNDLE_IDENTIFIER = Reverse.ItemGeneratorTests;
				PRODUCT_NAME = "$(TARGET_NAME)";
				SWIFT_VERSION = 3.0;
				TEST_HOST = "$(BUILT_PRODUCTS_DIR)/ItemGenerator.app/ItemGenerator";
			};
			name = Debug;
		};
		843C1D351E93147100DA8A08 /* Release */ = {
			isa = XCBuildConfiguration;
			buildSettings = {
				ALWAYS_EMBED_SWIFT_STANDARD_LIBRARIES = YES;
				BUNDLE_LOADER = "$(TEST_HOST)";
				INFOPLIST_FILE = ItemGeneratorTests/Info.plist;
				LD_RUNPATH_SEARCH_PATHS = "$(inherited) @executable_path/Frameworks @loader_path/Frameworks";
				PRODUCT_BUNDLE_IDENTIFIER = Reverse.ItemGeneratorTests;
				PRODUCT_NAME = "$(TARGET_NAME)";
				SWIFT_VERSION = 3.0;
				TEST_HOST = "$(BUILT_PRODUCTS_DIR)/ItemGenerator.app/ItemGenerator";
			};
			name = Release;
		};
		843C1D371E93147100DA8A08 /* Debug */ = {
			isa = XCBuildConfiguration;
			buildSettings = {
				ALWAYS_EMBED_SWIFT_STANDARD_LIBRARIES = YES;
				INFOPLIST_FILE = ItemGeneratorUITests/Info.plist;
				LD_RUNPATH_SEARCH_PATHS = "$(inherited) @executable_path/Frameworks @loader_path/Frameworks";
				PRODUCT_BUNDLE_IDENTIFIER = Reverse.ItemGeneratorUITests;
				PRODUCT_NAME = "$(TARGET_NAME)";
				SWIFT_VERSION = 3.0;
				TEST_TARGET_NAME = ItemGenerator;
			};
			name = Debug;
		};
		843C1D381E93147100DA8A08 /* Release */ = {
			isa = XCBuildConfiguration;
			buildSettings = {
				ALWAYS_EMBED_SWIFT_STANDARD_LIBRARIES = YES;
				INFOPLIST_FILE = ItemGeneratorUITests/Info.plist;
				LD_RUNPATH_SEARCH_PATHS = "$(inherited) @executable_path/Frameworks @loader_path/Frameworks";
				PRODUCT_BUNDLE_IDENTIFIER = Reverse.ItemGeneratorUITests;
				PRODUCT_NAME = "$(TARGET_NAME)";
				SWIFT_VERSION = 3.0;
				TEST_TARGET_NAME = ItemGenerator;
			};
			name = Release;
		};
/* End XCBuildConfiguration section */

/* Begin XCConfigurationList section */
		843C1D001E93146F00DA8A08 /* Build configuration list for PBXProject "ItemGenerator" */ = {
			isa = XCConfigurationList;
			buildConfigurations = (
				843C1D2E1E93147100DA8A08 /* Debug */,
				843C1D2F1E93147100DA8A08 /* Release */,
			);
			defaultConfigurationIsVisible = 0;
			defaultConfigurationName = Release;
		};
		843C1D301E93147100DA8A08 /* Build configuration list for PBXNativeTarget "ItemGenerator" */ = {
			isa = XCConfigurationList;
			buildConfigurations = (
				843C1D311E93147100DA8A08 /* Debug */,
				843C1D321E93147100DA8A08 /* Release */,
			);
			defaultConfigurationIsVisible = 0;
			defaultConfigurationName = Release;
		};
		843C1D331E93147100DA8A08 /* Build configuration list for PBXNativeTarget "ItemGeneratorTests" */ = {
			isa = XCConfigurationList;
			buildConfigurations = (
				843C1D341E93147100DA8A08 /* Debug */,
				843C1D351E93147100DA8A08 /* Release */,
			);
			defaultConfigurationIsVisible = 0;
			defaultConfigurationName = Release;
		};
		843C1D361E93147100DA8A08 /* Build configuration list for PBXNativeTarget "ItemGeneratorUITests" */ = {
			isa = XCConfigurationList;
			buildConfigurations = (
				843C1D371E93147100DA8A08 /* Debug */,
				843C1D381E93147100DA8A08 /* Release */,
			);
			defaultConfigurationIsVisible = 0;
			defaultConfigurationName = Release;
		};
/* End XCConfigurationList section */

/* Begin XCVersionGroup section */
		843C1D0F1E93147000DA8A08 /* ItemGenerator.xcdatamodeld */ = {
			isa = XCVersionGroup;
			children = (
				843C1D101E93147000DA8A08 /* ItemGenerator.xcdatamodel */,
			);
			currentVersion = 843C1D101E93147000DA8A08 /* ItemGenerator.xcdatamodel */;
			path = ItemGenerator.xcdatamodeld;
			sourceTree = "<group>";
			versionGroupType = wrapper.xcdatamodel;
		};
/* End XCVersionGroup section */
	};
	rootObject = 843C1CFD1E93146F00DA8A08 /* Project object */;
}
